
Microsoft Visual Studio Solution File, Format Version 12.00
# Visual Studio Version 17
VisualStudioVersion = 17.8.34309.116
MinimumVisualStudioVersion = 10.0.40219.1
Project("{8BC9CEB8-8B4A-11D0-8D11-00A0C91BC942}") = "18.01.2024", "18.01.2024\18.01.2024.vcxproj", "{F89DC690-3E33-422E-B36F-7C2FCFB72FE9}"
EndProject
Global
	GlobalSection(SolutionConfigurationPlatforms) = preSolution
		Debug|x64 = Debug|x64
		Debug|x86 = Debug|x86
		Release|x64 = Release|x64
		Release|x86 = Release|x86
	EndGlobalSection
	GlobalSection(ProjectConfigurationPlatforms) = postSolution
		{F89DC690-3E33-422E-B36F-7C2FCFB72FE9}.Debug|x64.ActiveCfg = Debug|x64
		{F89DC690-3E33-422E-B36F-7C2FCFB72FE9}.Debug|x64.Build.0 = Debug|x64
		{F89DC690-3E33-422E-B36F-7C2FCFB72FE9}.Debug|x86.ActiveCfg = Debug|Win32
		{F89DC690-3E33-422E-B36F-7C2FCFB72FE9}.Debug|x86.Build.0 = Debug|Win32
		{F89DC690-3E33-422E-B36F-7C2FCFB72FE9}.Release|x64.ActiveCfg = Release|x64
		{F89DC690-3E33-422E-B36F-7C2FCFB72FE9}.Release|x64.Build.0 = Release|x64
		{F89DC690-3E33-422E-B36F-7C2FCFB72FE9}.Release|x86.ActiveCfg = Release|Win32
		{F89DC690-3E33-422E-B36F-7C2FCFB72FE9}.Release|x86.Build.0 = Release|Win32
	EndGlobalSection
	GlobalSection(SolutionProperties) = preSolution
		HideSolutionNode = FALSE
	EndGlobalSection
	GlobalSection(ExtensibilityGlobals) = postSolution
		SolutionGuid = {B20AC1AC-7ECC-49E7-A0C9-7774681EEAC7}
	EndGlobalSection
EndGlobal
